
Microsoft Visual Studio Solution File, Format Version 12.00
# Visual Studio Version 17
VisualStudioVersion = 17.0.31919.166
MinimumVisualStudioVersion = 10.0.40219.1
Project("{FAE04EC0-301F-11D3-BF4B-00C04F79EFBC}") = "PROJETO", "PROJETO\PROJETO.csproj", "{AF5406EC-2CE2-4511-BA47-3086A4A50FAE}"
EndProject
Global
	GlobalSection(SolutionConfigurationPlatforms) = preSolution
		Debug|Any CPU = Debug|Any CPU
		Release|Any CPU = Release|Any CPU
	EndGlobalSection
	GlobalSection(ProjectConfigurationPlatforms) = postSolution
		{AF5406EC-2CE2-4511-BA47-3086A4A50FAE}.Debug|Any CPU.ActiveCfg = Debug|Any CPU
		{AF5406EC-2CE2-4511-BA47-3086A4A50FAE}.Debug|Any CPU.Build.0 = Debug|Any CPU
		{AF5406EC-2CE2-4511-BA47-3086A4A50FAE}.Release|Any CPU.ActiveCfg = Release|Any CPU
		{AF5406EC-2CE2-4511-BA47-3086A4A50FAE}.Release|Any CPU.Build.0 = Release|Any CPU
	EndGlobalSection
	GlobalSection(SolutionProperties) = preSolution
		HideSolutionNode = FALSE
	EndGlobalSection
	GlobalSection(ExtensibilityGlobals) = postSolution
		SolutionGuid = {73F61DB5-2CF3-4F03-8954-5560F20C3864}
	EndGlobalSection
EndGlobal
