
Microsoft Visual Studio Solution File, Format Version 12.00
# Visual Studio Version 17
VisualStudioVersion = 17.0.31919.166
MinimumVisualStudioVersion = 10.0.40219.1
Project("{FAE04EC0-301F-11D3-BF4B-00C04F79EFBC}") = "CadastroDprodutos", "CadastroDprodutos\CadastroDprodutos.csproj", "{BAF22D7A-A185-4D3C-A76D-49DF94AAB289}"
EndProject
Global
	GlobalSection(SolutionConfigurationPlatforms) = preSolution
		Debug|Any CPU = Debug|Any CPU
		Release|Any CPU = Release|Any CPU
	EndGlobalSection
	GlobalSection(ProjectConfigurationPlatforms) = postSolution
		{BAF22D7A-A185-4D3C-A76D-49DF94AAB289}.Debug|Any CPU.ActiveCfg = Debug|Any CPU
		{BAF22D7A-A185-4D3C-A76D-49DF94AAB289}.Debug|Any CPU.Build.0 = Debug|Any CPU
		{BAF22D7A-A185-4D3C-A76D-49DF94AAB289}.Release|Any CPU.ActiveCfg = Release|Any CPU
		{BAF22D7A-A185-4D3C-A76D-49DF94AAB289}.Release|Any CPU.Build.0 = Release|Any CPU
	EndGlobalSection
	GlobalSection(SolutionProperties) = preSolution
		HideSolutionNode = FALSE
	EndGlobalSection
	GlobalSection(ExtensibilityGlobals) = postSolution
		SolutionGuid = {F7B69B25-EFDF-41B0-B37B-2FF5D7D3B451}
	EndGlobalSection
EndGlobal
