
Microsoft Visual Studio Solution File, Format Version 12.00
# Visual Studio Version 17
VisualStudioVersion = 17.0.31919.166
MinimumVisualStudioVersion = 10.0.40219.1
Project("{FAE04EC0-301F-11D3-BF4B-00C04F79EFBC}") = "BBBank v2", "BBBank v2\BBBank v2.csproj", "{A08D0828-E07D-4875-BC34-A65BF001DB38}"
EndProject
Global
	GlobalSection(SolutionConfigurationPlatforms) = preSolution
		Debug|Any CPU = Debug|Any CPU
		Release|Any CPU = Release|Any CPU
	EndGlobalSection
	GlobalSection(ProjectConfigurationPlatforms) = postSolution
		{A08D0828-E07D-4875-BC34-A65BF001DB38}.Debug|Any CPU.ActiveCfg = Debug|Any CPU
		{A08D0828-E07D-4875-BC34-A65BF001DB38}.Debug|Any CPU.Build.0 = Debug|Any CPU
		{A08D0828-E07D-4875-BC34-A65BF001DB38}.Release|Any CPU.ActiveCfg = Release|Any CPU
		{A08D0828-E07D-4875-BC34-A65BF001DB38}.Release|Any CPU.Build.0 = Release|Any CPU
	EndGlobalSection
	GlobalSection(SolutionProperties) = preSolution
		HideSolutionNode = FALSE
	EndGlobalSection
	GlobalSection(ExtensibilityGlobals) = postSolution
		SolutionGuid = {8CC8D673-F973-497C-B799-26DE44A1C9E5}
	EndGlobalSection
EndGlobal
