
Microsoft Visual Studio Solution File, Format Version 12.00
# Visual Studio Version 17
VisualStudioVersion = 17.1.32210.238
MinimumVisualStudioVersion = 10.0.40219.1
Project("{FAE04EC0-301F-11D3-BF4B-00C04F79EFBC}") = "Mercado Suny1", "Mercado Suny1\Mercado Suny1.csproj", "{C1F4C0B9-B0E8-444B-A617-A0539D81CE8D}"
EndProject
Global
	GlobalSection(SolutionConfigurationPlatforms) = preSolution
		Debug|Any CPU = Debug|Any CPU
		Release|Any CPU = Release|Any CPU
	EndGlobalSection
	GlobalSection(ProjectConfigurationPlatforms) = postSolution
		{C1F4C0B9-B0E8-444B-A617-A0539D81CE8D}.Debug|Any CPU.ActiveCfg = Debug|Any CPU
		{C1F4C0B9-B0E8-444B-A617-A0539D81CE8D}.Debug|Any CPU.Build.0 = Debug|Any CPU
		{C1F4C0B9-B0E8-444B-A617-A0539D81CE8D}.Release|Any CPU.ActiveCfg = Release|Any CPU
		{C1F4C0B9-B0E8-444B-A617-A0539D81CE8D}.Release|Any CPU.Build.0 = Release|Any CPU
	EndGlobalSection
	GlobalSection(SolutionProperties) = preSolution
		HideSolutionNode = FALSE
	EndGlobalSection
	GlobalSection(ExtensibilityGlobals) = postSolution
		SolutionGuid = {FBB0B00B-7583-4B2E-B8AC-1B722453118A}
	EndGlobalSection
EndGlobal
