
Microsoft Visual Studio Solution File, Format Version 12.00
# Visual Studio Version 17
VisualStudioVersion = 17.1.32210.238
MinimumVisualStudioVersion = 10.0.40219.1
Project("{FAE04EC0-301F-11D3-BF4B-00C04F79EFBC}") = "Banco Suny", "Banco Suny\Banco Suny.csproj", "{48B0B065-C829-4983-9BF6-13F74089013F}"
EndProject
Global
	GlobalSection(SolutionConfigurationPlatforms) = preSolution
		Debug|Any CPU = Debug|Any CPU
		Release|Any CPU = Release|Any CPU
	EndGlobalSection
	GlobalSection(ProjectConfigurationPlatforms) = postSolution
		{48B0B065-C829-4983-9BF6-13F74089013F}.Debug|Any CPU.ActiveCfg = Debug|Any CPU
		{48B0B065-C829-4983-9BF6-13F74089013F}.Debug|Any CPU.Build.0 = Debug|Any CPU
		{48B0B065-C829-4983-9BF6-13F74089013F}.Release|Any CPU.ActiveCfg = Release|Any CPU
		{48B0B065-C829-4983-9BF6-13F74089013F}.Release|Any CPU.Build.0 = Release|Any CPU
	EndGlobalSection
	GlobalSection(SolutionProperties) = preSolution
		HideSolutionNode = FALSE
	EndGlobalSection
	GlobalSection(ExtensibilityGlobals) = postSolution
		SolutionGuid = {00E5F9A8-E02E-4039-B153-5F55EE014AD6}
	EndGlobalSection
EndGlobal
